{
  "lockfileVersion": 1,
  "workspaces": {
    "": {
      "name": "@hypertool/frame",
      "devDependencies": {
        "@types/p5": "^1.6.3",
        "@types/three": "^0.160.0",
        "p5": "^1.9.0",
        "three": "^0.160.0",
        "typescript": "^5.6.2",
      },
      "peerDependencies": {
        "p5": "^1.9.0",
        "three": "^0.160.0",
      },
    },
  },
  "packages": {
    "@types/p5": ["@types/p5@1.7.6", "", {}, "sha512-6pLTOo0V3N5jZb5nTwjiv3lPHLK3Z/TjbhQUj8CTWXocUk1Z/f6OHTp3Pcwi1BhWnf5gqKUcyEb1gP0KIJuQgw=="],

    "@types/stats.js": ["@types/stats.js@0.17.4", "", {}, "sha512-jIBvWWShCvlBqBNIZt0KAshWpvSjhkwkEu4ZUcASoAvhmrgAUI2t1dXrjSL4xXVLB4FznPrIsX3nKXFl/Dt4vA=="],

    "@types/three": ["@types/three@0.160.0", "", { "dependencies": { "@types/stats.js": "*", "@types/webxr": "*", "fflate": "~0.6.10", "meshoptimizer": "~0.18.1" } }, "sha512-jWlbUBovicUKaOYxzgkLlhkiEQJkhCVvg4W2IYD2trqD2om3VK4DGLpHH5zQHNr7RweZK/5re/4IVhbhvxbV9w=="],

    "@types/webxr": ["@types/webxr@0.5.24", "", {}, "sha512-h8fgEd/DpoS9CBrjEQXR+dIDraopAEfu4wYVNY2tEPwk60stPWhvZMf4Foo5FakuQ7HFZoa8WceaWFervK2Ovg=="],

    "fflate": ["fflate@0.6.10", "", {}, "sha512-IQrh3lEPM93wVCEczc9SaAOvkmcoQn/G8Bo1e8ZPlY3X3bnAxWaBdvTdvM1hP62iZp0BXWDy4vTAy4fF0+Dlpg=="],

    "meshoptimizer": ["meshoptimizer@0.18.1", "", {}, "sha512-ZhoIoL7TNV4s5B6+rx5mC//fw8/POGyNxS/DZyCJeiZ12ScLfVwRE/GfsxwiTkMYYD5DmK2/JXnEVXqL4rF+Sw=="],

    "p5": ["p5@1.11.10", "", {}, "sha512-lFe18Af+SUxyZyPkgza0DYhIV+Ymr1oD4w6Y0Bjhbi5TCaIktRys8xu847eH7epL/GZ1jATFekqW71/v4PvNGA=="],

    "three": ["three@0.160.1", "", {}, "sha512-Bgl2wPJypDOZ1stAxwfWAcJ0WQf7QzlptsxkjYiURPz+n5k4RBDLsq+6f9Y75TYxn6aHLcWz+JNmwTOXWrQTBQ=="],

    "typescript": ["typescript@5.9.3", "", { "bin": { "tsc": "bin/tsc", "tsserver": "bin/tsserver" } }, "sha512-jl1vZzPDinLr9eUt3J/t7V6FgNEw9QjvBPdysz9KfQDD41fQrC2Y4vKQdiaUpFT4bXlb1RHhLpp8wtm6M5TgSw=="],
  }
}
